
Microsoft Visual Studio Solution File, Format Version 12.00
# Visual Studio Version 17
VisualStudioVersion = 17.11.35303.130
MinimumVisualStudioVersion = 10.0.40219.1
Project("{FAE04EC0-301F-11D3-BF4B-00C04F79EFBC}") = "Es01_01_Calcolatrice", "Es01_01_Calcolatrice\Es01_01_Calcolatrice.csproj", "{07FA824C-737A-4493-A8F4-9D3A324F8116}"
EndProject
Global
	GlobalSection(SolutionConfigurationPlatforms) = preSolution
		Debug|Any CPU = Debug|Any CPU
		Release|Any CPU = Release|Any CPU
	EndGlobalSection
	GlobalSection(ProjectConfigurationPlatforms) = postSolution
		{07FA824C-737A-4493-A8F4-9D3A324F8116}.Debug|Any CPU.ActiveCfg = Debug|Any CPU
		{07FA824C-737A-4493-A8F4-9D3A324F8116}.Debug|Any CPU.Build.0 = Debug|Any CPU
		{07FA824C-737A-4493-A8F4-9D3A324F8116}.Release|Any CPU.ActiveCfg = Release|Any CPU
		{07FA824C-737A-4493-A8F4-9D3A324F8116}.Release|Any CPU.Build.0 = Release|Any CPU
	EndGlobalSection
	GlobalSection(SolutionProperties) = preSolution
		HideSolutionNode = FALSE
	EndGlobalSection
	GlobalSection(ExtensibilityGlobals) = postSolution
		SolutionGuid = {693C3D74-8E44-4EAC-8A9F-C4E7D83AD491}
	EndGlobalSection
EndGlobal
